base_image=kicad/kicad:10.0.4@sha256:770e2fa006695077b5ba218742d5c3137896af91257b2ca971243fa56b01bb86
container_platform=linux/amd64
agent_egress_api_key=api.openai.com:443-only
agent_egress_chatgpt_subscription=api.openai.com:443,auth.openai.com:443,chatgpt.com:443-only
agent_egress_external_uncontrolled=not-controlled-by-deepee
kicad=10.0.4
kicad_symbols=10.0.4
kicad_footprints=10.0.4
python=3.13
pyyaml=6.0.3
jsonschema=4.25.1
platformio=6.1.19
platformio_espressif32=6.10.0
codex_cli=0.144.2
codex_model=gpt-5.6-sol
codex_reasoning_effort=xhigh
node=ubuntu-24.04-package-agent-only
npm=ubuntu-24.04-package-agent-only
make=ubuntu-24.04-package
gcc=ubuntu-24.04-package
