base_image=ubuntu:24.04@sha256:4fbb8e6a8395de5a7550b33509421a2bafbc0aab6c06ba2cef9ebffbc7092d90
container_platform=linux/amd64
agent_egress=api.openai.com:443-only
kicad=10.0.4~ubuntu24.04.1
kicad_symbols=10.0.4~ubuntu24.04.1
kicad_footprints=10.0.4~ubuntu24.04.1
python=3.12
pyyaml=6.0.3
jsonschema=4.25.1
platformio=6.1.19
platformio_espressif32=6.10.0
codex_cli=0.144.2
codex_model=gpt-5.6-sol
codex_reasoning_effort=xhigh
node=ubuntu-24.04-package-agent-only
npm=ubuntu-24.04-package-agent-only
make=ubuntu-24.04-package
gcc=ubuntu-24.04-package
